
Microsoft Visual Studio Solution File, Format Version 12.00
# Visual Studio Version 17
VisualStudioVersion = 17.4.33213.308
MinimumVisualStudioVersion = 10.0.40219.1
Project("{FAE04EC0-301F-11D3-BF4B-00C04F79EFBC}") = "Week6StringsAndArrays", "Week6StringsAndArrays\Week6StringsAndArrays.csproj", "{ABF622F1-D375-4D67-9196-90B3B0604EA5}"
EndProject
Project("{FAE04EC0-301F-11D3-BF4B-00C04F79EFBC}") = "Arrays", "Arrays\Arrays.csproj", "{9C2113F5-06A2-480E-9431-5A5321A53B6E}"
EndProject
Project("{FAE04EC0-301F-11D3-BF4B-00C04F79EFBC}") = "NumberArrays", "NumberArrays\NumberArrays.csproj", "{E03E56BB-0C8D-43E4-A9AA-2B67824852B4}"
EndProject
Project("{FAE04EC0-301F-11D3-BF4B-00C04F79EFBC}") = "RandomElement", "RandomElement\RandomElement.csproj", "{43BD1491-6819-4ED2-92C7-54F9F1DD9E6F}"
EndProject
Project("{FAE04EC0-301F-11D3-BF4B-00C04F79EFBC}") = "Test", "Test\Test.csproj", "{51B1815A-6AF1-4505-BF7A-69161584FF41}"
EndProject
Global
	GlobalSection(SolutionConfigurationPlatforms) = preSolution
		Debug|Any CPU = Debug|Any CPU
		Release|Any CPU = Release|Any CPU
	EndGlobalSection
	GlobalSection(ProjectConfigurationPlatforms) = postSolution
		{ABF622F1-D375-4D67-9196-90B3B0604EA5}.Debug|Any CPU.ActiveCfg = Debug|Any CPU
		{ABF622F1-D375-4D67-9196-90B3B0604EA5}.Debug|Any CPU.Build.0 = Debug|Any CPU
		{ABF622F1-D375-4D67-9196-90B3B0604EA5}.Release|Any CPU.ActiveCfg = Release|Any CPU
		{ABF622F1-D375-4D67-9196-90B3B0604EA5}.Release|Any CPU.Build.0 = Release|Any CPU
		{9C2113F5-06A2-480E-9431-5A5321A53B6E}.Debug|Any CPU.ActiveCfg = Debug|Any CPU
		{9C2113F5-06A2-480E-9431-5A5321A53B6E}.Debug|Any CPU.Build.0 = Debug|Any CPU
		{9C2113F5-06A2-480E-9431-5A5321A53B6E}.Release|Any CPU.ActiveCfg = Release|Any CPU
		{9C2113F5-06A2-480E-9431-5A5321A53B6E}.Release|Any CPU.Build.0 = Release|Any CPU
		{E03E56BB-0C8D-43E4-A9AA-2B67824852B4}.Debug|Any CPU.ActiveCfg = Debug|Any CPU
		{E03E56BB-0C8D-43E4-A9AA-2B67824852B4}.Debug|Any CPU.Build.0 = Debug|Any CPU
		{E03E56BB-0C8D-43E4-A9AA-2B67824852B4}.Release|Any CPU.ActiveCfg = Release|Any CPU
		{E03E56BB-0C8D-43E4-A9AA-2B67824852B4}.Release|Any CPU.Build.0 = Release|Any CPU
		{43BD1491-6819-4ED2-92C7-54F9F1DD9E6F}.Debug|Any CPU.ActiveCfg = Debug|Any CPU
		{43BD1491-6819-4ED2-92C7-54F9F1DD9E6F}.Debug|Any CPU.Build.0 = Debug|Any CPU
		{43BD1491-6819-4ED2-92C7-54F9F1DD9E6F}.Release|Any CPU.ActiveCfg = Release|Any CPU
		{43BD1491-6819-4ED2-92C7-54F9F1DD9E6F}.Release|Any CPU.Build.0 = Release|Any CPU
		{51B1815A-6AF1-4505-BF7A-69161584FF41}.Debug|Any CPU.ActiveCfg = Debug|Any CPU
		{51B1815A-6AF1-4505-BF7A-69161584FF41}.Debug|Any CPU.Build.0 = Debug|Any CPU
		{51B1815A-6AF1-4505-BF7A-69161584FF41}.Release|Any CPU.ActiveCfg = Release|Any CPU
		{51B1815A-6AF1-4505-BF7A-69161584FF41}.Release|Any CPU.Build.0 = Release|Any CPU
	EndGlobalSection
	GlobalSection(SolutionProperties) = preSolution
		HideSolutionNode = FALSE
	EndGlobalSection
	GlobalSection(ExtensibilityGlobals) = postSolution
		SolutionGuid = {FE35273F-1B1D-4D02-B3DF-4F4D002901B0}
	EndGlobalSection
EndGlobal
